// !$*UTF8*$!
{
	archiveVersion = 1;
	classes = {
	};
	objectVersion = 46;
	objects = {

/* Begin PBXBuildFile section */
		D9298EFF1C83E32C003F3ED9 /* main.m in Sources */ = {isa = PBXBuildFile; fileRef = D9298EFE1C83E32C003F3ED9 /* main.m */; };
		D9298F021C83E32C003F3ED9 /* AppDelegate.m in Sources */ = {isa = PBXBuildFile; fileRef = D9298F011C83E32C003F3ED9 /* AppDelegate.m */; };
		D9298F051C83E32C003F3ED9 /* ViewController.m in Sources */ = {isa = PBXBuildFile; fileRef = D9298F041C83E32C003F3ED9 /* ViewController.m */; };
		D9298F081C83E32C003F3ED9 /* Main.storyboard in Resources */ = {isa = PBXBuildFile; fileRef = D9298F061C83E32C003F3ED9 /* Main.storyboard */; };
		D9298F0A1C83E32C003F3ED9 /* Assets.xcassets in Resources */ = {isa = PBXBuildFile; fileRef = D9298F091C83E32C003F3ED9 /* Assets.xcassets */; };
		D9298F0D1C83E32C003F3ED9 /* LaunchScreen.storyboard in Resources */ = {isa = PBXBuildFile; fileRef = D9298F0B1C83E32C003F3ED9 /* LaunchScreen.storyboard */; };
		D9298F181C83E32C003F3ED9 /* CPJPopViewTests.m in Sources */ = {isa = PBXBuildFile; fileRef = D9298F171C83E32C003F3ED9 /* CPJPopViewTests.m */; };
		D9298F231C83E32C003F3ED9 /* CPJPopViewUITests.m in Sources */ = {isa = PBXBuildFile; fileRef = D9298F221C83E32C003F3ED9 /* CPJPopViewUITests.m */; };
		D9298F341C84114D003F3ED9 /* CPJPopView.m in Sources */ = {isa = PBXBuildFile; fileRef = D9298F331C84114D003F3ED9 /* CPJPopView.m */; };
		D937CCF61C858BA800DCA084 /* UIViewExt.m in Sources */ = {isa = PBXBuildFile; fileRef = D937CCF51C858BA800DCA084 /* UIViewExt.m */; };
		D9FDBCCC1C841D5E009EDE5C /* CPJAlertView.m in Sources */ = {isa = PBXBuildFile; fileRef = D9FDBCCB1C841D5E009EDE5C /* CPJAlertView.m */; };
		D9FDBCCF1C8436FF009EDE5C /* CPJDialogView.m in Sources */ = {isa = PBXBuildFile; fileRef = D9FDBCCE1C8436FF009EDE5C /* CPJDialogView.m */; };
/* End PBXBuildFile section */

/* Begin PBXContainerItemProxy section */
		D9298F141C83E32C003F3ED9 /* PBXContainerItemProxy */ = {
			isa = PBXContainerItemProxy;
			containerPortal = D9298EF21C83E32C003F3ED9 /* Project object */;
			proxyType = 1;
			remoteGlobalIDString = D9298EF91C83E32C003F3ED9;
			remoteInfo = CPJPopView;
		};
		D9298F1F1C83E32C003F3ED9 /* PBXContainerItemProxy */ = {
			isa = PBXContainerItemProxy;
			containerPortal = D9298EF21C83E32C003F3ED9 /* Project object */;
			proxyType = 1;
			remoteGlobalIDString = D9298EF91C83E32C003F3ED9;
			remoteInfo = CPJPopView;
		};
/* End PBXContainerItemProxy section */

/* Begin PBXFileReference section */
		D9298EFA1C83E32C003F3ED9 /* CPJPopView.app */ = {isa = PBXFileReference; explicitFileType = wrapper.application; includeInIndex = 0; path = CPJPopView.app; sourceTree = BUILT_PRODUCTS_DIR; };
		D9298EFE1C83E32C003F3ED9 /* main.m */ = {isa = PBXFileReference; lastKnownFileType = sourcecode.c.objc; path = main.m; sourceTree = "<group>"; };
		D9298F001C83E32C003F3ED9 /* AppDelegate.h */ = {isa = PBXFileReference; lastKnownFileType = sourcecode.c.h; path = AppDelegate.h; sourceTree = "<group>"; };
		D9298F011C83E32C003F3ED9 /* AppDelegate.m */ = {isa = PBXFileReference; lastKnownFileType = sourcecode.c.objc; path = AppDelegate.m; sourceTree = "<group>"; };
		D9298F031C83E32C003F3ED9 /* ViewController.h */ = {isa = PBXFileReference; lastKnownFileType = sourcecode.c.h; path = ViewController.h; sourceTree = "<group>"; };
		D9298F041C83E32C003F3ED9 /* ViewController.m */ = {isa = PBXFileReference; lastKnownFileType = sourcecode.c.objc; path = ViewController.m; sourceTree = "<group>"; };
		D9298F071C83E32C003F3ED9 /* Base */ = {isa = PBXFileReference; lastKnownFileType = file.storyboard; name = Base; path = Base.lproj/Main.storyboard; sourceTree = "<group>"; };
		D9298F091C83E32C003F3ED9 /* Assets.xcassets */ = {isa = PBXFileReference; lastKnownFileType = folder.assetcatalog; path = Assets.xcassets; sourceTree = "<group>"; };
		D9298F0C1C83E32C003F3ED9 /* Base */ = {isa = PBXFileReference; lastKnownFileType = file.storyboard; name = Base; path = Base.lproj/LaunchScreen.storyboard; sourceTree = "<group>"; };
		D9298F0E1C83E32C003F3ED9 /* Info.plist */ = {isa = PBXFileReference; lastKnownFileType = text.plist.xml; path = Info.plist; sourceTree = "<group>"; };
		D9298F131C83E32C003F3ED9 /* CPJPopViewTests.xctest */ = {isa = PBXFileReference; explicitFileType = wrapper.cfbundle; includeInIndex = 0; path = CPJPopViewTests.xctest; sourceTree = BUILT_PRODUCTS_DIR; };
		D9298F171C83E32C003F3ED9 /* CPJPopViewTests.m */ = {isa = PBXFileReference; lastKnownFileType = sourcecode.c.objc; path = CPJPopViewTests.m; sourceTree = "<group>"; };
		D9298F191C83E32C003F3ED9 /* Info.plist */ = {isa = PBXFileReference; lastKnownFileType = text.plist.xml; path = Info.plist; sourceTree = "<group>"; };
		D9298F1E1C83E32C003F3ED9 /* CPJPopViewUITests.xctest */ = {isa = PBXFileReference; explicitFileType = wrapper.cfbundle; includeInIndex = 0; path = CPJPopViewUITests.xctest; sourceTree = BUILT_PRODUCTS_DIR; };
		D9298F221C83E32C003F3ED9 /* CPJPopViewUITests.m */ = {isa = PBXFileReference; lastKnownFileType = sourcecode.c.objc; path = CPJPopViewUITests.m; sourceTree = "<group>"; };
		D9298F241C83E32C003F3ED9 /* Info.plist */ = {isa = PBXFileReference; lastKnownFileType = text.plist.xml; path = Info.plist; sourceTree = "<group>"; };
		D9298F311C83F3B9003F3ED9 /* CPJPopViewProtocol.h */ = {isa = PBXFileReference; fileEncoding = 4; lastKnownFileType = sourcecode.c.h; path = CPJPopViewProtocol.h; sourceTree = "<group>"; };
		D9298F321C84114D003F3ED9 /* CPJPopView.h */ = {isa = PBXFileReference; fileEncoding = 4; lastKnownFileType = sourcecode.c.h; path = CPJPopView.h; sourceTree = "<group>"; };
		D9298F331C84114D003F3ED9 /* CPJPopView.m */ = {isa = PBXFileReference; fileEncoding = 4; lastKnownFileType = sourcecode.c.objc; path = CPJPopView.m; sourceTree = "<group>"; };
		D937CCF41C858BA800DCA084 /* UIViewExt.h */ = {isa = PBXFileReference; fileEncoding = 4; lastKnownFileType = sourcecode.c.h; path = UIViewExt.h; sourceTree = "<group>"; };
		D937CCF51C858BA800DCA084 /* UIViewExt.m */ = {isa = PBXFileReference; fileEncoding = 4; lastKnownFileType = sourcecode.c.objc; path = UIViewExt.m; sourceTree = "<group>"; };
		D9FDBCCA1C841D5E009EDE5C /* CPJAlertView.h */ = {isa = PBXFileReference; fileEncoding = 4; lastKnownFileType = sourcecode.c.h; path = CPJAlertView.h; sourceTree = "<group>"; };
		D9FDBCCB1C841D5E009EDE5C /* CPJAlertView.m */ = {isa = PBXFileReference; fileEncoding = 4; lastKnownFileType = sourcecode.c.objc; path = CPJAlertView.m; sourceTree = "<group>"; };
		D9FDBCCD1C8436FF009EDE5C /* CPJDialogView.h */ = {isa = PBXFileReference; fileEncoding = 4; lastKnownFileType = sourcecode.c.h; path = CPJDialogView.h; sourceTree = "<group>"; };
		D9FDBCCE1C8436FF009EDE5C /* CPJDialogView.m */ = {isa = PBXFileReference; fileEncoding = 4; lastKnownFileType = sourcecode.c.objc; path = CPJDialogView.m; sourceTree = "<group>"; };
/* End PBXFileReference section */

/* Begin PBXFrameworksBuildPhase section */
		D9298EF71C83E32C003F3ED9 /* Frameworks */ = {
			isa = PBXFrameworksBuildPhase;
			buildActionMask = 2147483647;
			files = (
			);
			runOnlyForDeploymentPostprocessing = 0;
		};
		D9298F101C83E32C003F3ED9 /* Frameworks */ = {
			isa = PBXFrameworksBuildPhase;
			buildActionMask = 2147483647;
			files = (
			);
			runOnlyForDeploymentPostprocessing = 0;
		};
		D9298F1B1C83E32C003F3ED9 /* Frameworks */ = {
			isa = PBXFrameworksBuildPhase;
			buildActionMask = 2147483647;
			files = (
			);
			runOnlyForDeploymentPostprocessing = 0;
		};
/* End PBXFrameworksBuildPhase section */

/* Begin PBXGroup section */
		D9298EF11C83E32C003F3ED9 = {
			isa = PBXGroup;
			children = (
				D9298EFC1C83E32C003F3ED9 /* CPJPopView */,
				D9298F161C83E32C003F3ED9 /* CPJPopViewTests */,
				D9298F211C83E32C003F3ED9 /* CPJPopViewUITests */,
				D9298EFB1C83E32C003F3ED9 /* Products */,
			);
			sourceTree = "<group>";
		};
		D9298EFB1C83E32C003F3ED9 /* Products */ = {
			isa = PBXGroup;
			children = (
				D9298EFA1C83E32C003F3ED9 /* CPJPopView.app */,
				D9298F131C83E32C003F3ED9 /* CPJPopViewTests.xctest */,
				D9298F1E1C83E32C003F3ED9 /* CPJPopViewUITests.xctest */,
			);
			name = Products;
			sourceTree = "<group>";
		};
		D9298EFC1C83E32C003F3ED9 /* CPJPopView */ = {
			isa = PBXGroup;
			children = (
				D9298F301C83F3A1003F3ED9 /* CPJPopView */,
				D9298F001C83E32C003F3ED9 /* AppDelegate.h */,
				D9298F011C83E32C003F3ED9 /* AppDelegate.m */,
				D9298F031C83E32C003F3ED9 /* ViewController.h */,
				D9298F041C83E32C003F3ED9 /* ViewController.m */,
				D9298F061C83E32C003F3ED9 /* Main.storyboard */,
				D9298F091C83E32C003F3ED9 /* Assets.xcassets */,
				D9298F0B1C83E32C003F3ED9 /* LaunchScreen.storyboard */,
				D9298F0E1C83E32C003F3ED9 /* Info.plist */,
				D9298EFD1C83E32C003F3ED9 /* Supporting Files */,
			);
			path = CPJPopView;
			sourceTree = "<group>";
		};
		D9298EFD1C83E32C003F3ED9 /* Supporting Files */ = {
			isa = PBXGroup;
			children = (
				D9298EFE1C83E32C003F3ED9 /* main.m */,
			);
			name = "Supporting Files";
			sourceTree = "<group>";
		};
		D9298F161C83E32C003F3ED9 /* CPJPopViewTests */ = {
			isa = PBXGroup;
			children = (
				D9298F171C83E32C003F3ED9 /* CPJPopViewTests.m */,
				D9298F191C83E32C003F3ED9 /* Info.plist */,
			);
			path = CPJPopViewTests;
			sourceTree = "<group>";
		};
		D9298F211C83E32C003F3ED9 /* CPJPopViewUITests */ = {
			isa = PBXGroup;
			children = (
				D9298F221C83E32C003F3ED9 /* CPJPopViewUITests.m */,
				D9298F241C83E32C003F3ED9 /* Info.plist */,
			);
			path = CPJPopViewUITests;
			sourceTree = "<group>";
		};
		D9298F301C83F3A1003F3ED9 /* CPJPopView */ = {
			isa = PBXGroup;
			children = (
				D9298F311C83F3B9003F3ED9 /* CPJPopViewProtocol.h */,
				D9298F321C84114D003F3ED9 /* CPJPopView.h */,
				D9298F331C84114D003F3ED9 /* CPJPopView.m */,
				D9FDBCCA1C841D5E009EDE5C /* CPJAlertView.h */,
				D9FDBCCB1C841D5E009EDE5C /* CPJAlertView.m */,
				D9FDBCCD1C8436FF009EDE5C /* CPJDialogView.h */,
				D9FDBCCE1C8436FF009EDE5C /* CPJDialogView.m */,
				D937CCF41C858BA800DCA084 /* UIViewExt.h */,
				D937CCF51C858BA800DCA084 /* UIViewExt.m */,
			);
			path = CPJPopView;
			sourceTree = "<group>";
		};
/* End PBXGroup section */

/* Begin PBXNativeTarget section */
		D9298EF91C83E32C003F3ED9 /* CPJPopView */ = {
			isa = PBXNativeTarget;
			buildConfigurationList = D9298F271C83E32C003F3ED9 /* Build configuration list for PBXNativeTarget "CPJPopView" */;
			buildPhases = (
				D9298EF61C83E32C003F3ED9 /* Sources */,
				D9298EF71C83E32C003F3ED9 /* Frameworks */,
				D9298EF81C83E32C003F3ED9 /* Resources */,
			);
			buildRules = (
			);
			dependencies = (
			);
			name = CPJPopView;
			productName = CPJPopView;
			productReference = D9298EFA1C83E32C003F3ED9 /* CPJPopView.app */;
			productType = "com.apple.product-type.application";
		};
		D9298F121C83E32C003F3ED9 /* CPJPopViewTests */ = {
			isa = PBXNativeTarget;
			buildConfigurationList = D9298F2A1C83E32C003F3ED9 /* Build configuration list for PBXNativeTarget "CPJPopViewTests" */;
			buildPhases = (
				D9298F0F1C83E32C003F3ED9 /* Sources */,
				D9298F101C83E32C003F3ED9 /* Frameworks */,
				D9298F111C83E32C003F3ED9 /* Resources */,
			);
			buildRules = (
			);
			dependencies = (
				D9298F151C83E32C003F3ED9 /* PBXTargetDependency */,
			);
			name = CPJPopViewTests;
			productName = CPJPopViewTests;
			productReference = D9298F131C83E32C003F3ED9 /* CPJPopViewTests.xctest */;
			productType = "com.apple.product-type.bundle.unit-test";
		};
		D9298F1D1C83E32C003F3ED9 /* CPJPopViewUITests */ = {
			isa = PBXNativeTarget;
			buildConfigurationList = D9298F2D1C83E32C003F3ED9 /* Build configuration list for PBXNativeTarget "CPJPopViewUITests" */;
			buildPhases = (
				D9298F1A1C83E32C003F3ED9 /* Sources */,
				D9298F1B1C83E32C003F3ED9 /* Frameworks */,
				D9298F1C1C83E32C003F3ED9 /* Resources */,
			);
			buildRules = (
			);
			dependencies = (
				D9298F201C83E32C003F3ED9 /* PBXTargetDependency */,
			);
			name = CPJPopViewUITests;
			productName = CPJPopViewUITests;
			productReference = D9298F1E1C83E32C003F3ED9 /* CPJPopViewUITests.xctest */;
			productType = "com.apple.product-type.bundle.ui-testing";
		};
/* End PBXNativeTarget section */

/* Begin PBXProject section */
		D9298EF21C83E32C003F3ED9 /* Project object */ = {
			isa = PBXProject;
			attributes = {
				LastUpgradeCheck = 0720;
				ORGANIZATIONNAME = com.zhaishuai.www;
				TargetAttributes = {
					D9298EF91C83E32C003F3ED9 = {
						CreatedOnToolsVersion = 7.2;
					};
					D9298F121C83E32C003F3ED9 = {
						CreatedOnToolsVersion = 7.2;
						TestTargetID = D9298EF91C83E32C003F3ED9;
					};
					D9298F1D1C83E32C003F3ED9 = {
						CreatedOnToolsVersion = 7.2;
						TestTargetID = D9298EF91C83E32C003F3ED9;
					};
				};
			};
			buildConfigurationList = D9298EF51C83E32C003F3ED9 /* Build configuration list for PBXProject "CPJPopView" */;
			compatibilityVersion = "Xcode 3.2";
			developmentRegion = English;
			hasScannedForEncodings = 0;
			knownRegions = (
				en,
				Base,
			);
			mainGroup = D9298EF11C83E32C003F3ED9;
			productRefGroup = D9298EFB1C83E32C003F3ED9 /* Products */;
			projectDirPath = "";
			projectRoot = "";
			targets = (
				D9298EF91C83E32C003F3ED9 /* CPJPopView */,
				D9298F121C83E32C003F3ED9 /* CPJPopViewTests */,
				D9298F1D1C83E32C003F3ED9 /* CPJPopViewUITests */,
			);
		};
/* End PBXProject section */

/* Begin PBXResourcesBuildPhase section */
		D9298EF81C83E32C003F3ED9 /* Resources */ = {
			isa = PBXResourcesBuildPhase;
			buildActionMask = 2147483647;
			files = (
				D9298F0D1C83E32C003F3ED9 /* LaunchScreen.storyboard in Resources */,
				D9298F0A1C83E32C003F3ED9 /* Assets.xcassets in Resources */,
				D9298F081C83E32C003F3ED9 /* Main.storyboard in Resources */,
			);
			runOnlyForDeploymentPostprocessing = 0;
		};
		D9298F111C83E32C003F3ED9 /* Resources */ = {
			isa = PBXResourcesBuildPhase;
			buildActionMask = 2147483647;
			files = (
			);
			runOnlyForDeploymentPostprocessing = 0;
		};
		D9298F1C1C83E32C003F3ED9 /* Resources */ = {
			isa = PBXResourcesBuildPhase;
			buildActionMask = 2147483647;
			files = (
			);
			runOnlyForDeploymentPostprocessing = 0;
		};
/* End PBXResourcesBuildPhase section */

/* Begin PBXSourcesBuildPhase section */
		D9298EF61C83E32C003F3ED9 /* Sources */ = {
			isa = PBXSourcesBuildPhase;
			buildActionMask = 2147483647;
			files = (
				D937CCF61C858BA800DCA084 /* UIViewExt.m in Sources */,
				D9FDBCCF1C8436FF009EDE5C /* CPJDialogView.m in Sources */,
				D9298F051C83E32C003F3ED9 /* ViewController.m in Sources */,
				D9298F021C83E32C003F3ED9 /* AppDelegate.m in Sources */,
				D9FDBCCC1C841D5E009EDE5C /* CPJAlertView.m in Sources */,
				D9298F341C84114D003F3ED9 /* CPJPopView.m in Sources */,
				D9298EFF1C83E32C003F3ED9 /* main.m in Sources */,
			);
			runOnlyForDeploymentPostprocessing = 0;
		};
		D9298F0F1C83E32C003F3ED9 /* Sources */ = {
			isa = PBXSourcesBuildPhase;
			buildActionMask = 2147483647;
			files = (
				D9298F181C83E32C003F3ED9 /* CPJPopViewTests.m in Sources */,
			);
			runOnlyForDeploymentPostprocessing = 0;
		};
		D9298F1A1C83E32C003F3ED9 /* Sources */ = {
			isa = PBXSourcesBuildPhase;
			buildActionMask = 2147483647;
			files = (
				D9298F231C83E32C003F3ED9 /* CPJPopViewUITests.m in Sources */,
			);
			runOnlyForDeploymentPostprocessing = 0;
		};
/* End PBXSourcesBuildPhase section */

/* Begin PBXTargetDependency section */
		D9298F151C83E32C003F3ED9 /* PBXTargetDependency */ = {
			isa = PBXTargetDependency;
			target = D9298EF91C83E32C003F3ED9 /* CPJPopView */;
			targetProxy = D9298F141C83E32C003F3ED9 /* PBXContainerItemProxy */;
		};
		D9298F201C83E32C003F3ED9 /* PBXTargetDependency */ = {
			isa = PBXTargetDependency;
			target = D9298EF91C83E32C003F3ED9 /* CPJPopView */;
			targetProxy = D9298F1F1C83E32C003F3ED9 /* PBXContainerItemProxy */;
		};
/* End PBXTargetDependency section */

/* Begin PBXVariantGroup section */
		D9298F061C83E32C003F3ED9 /* Main.storyboard */ = {
			isa = PBXVariantGroup;
			children = (
				D9298F071C83E32C003F3ED9 /* Base */,
			);
			name = Main.storyboard;
			sourceTree = "<group>";
		};
		D9298F0B1C83E32C003F3ED9 /* LaunchScreen.storyboard */ = {
			isa = PBXVariantGroup;
			children = (
				D9298F0C1C83E32C003F3ED9 /* Base */,
			);
			name = LaunchScreen.storyboard;
			sourceTree = "<group>";
		};
/* End PBXVariantGroup section */

/* Begin XCBuildConfiguration section */
		D9298F251C83E32C003F3ED9 /* Debug */ = {
			isa = XCBuildConfiguration;
			buildSettings = {
				ALWAYS_SEARCH_USER_PATHS = NO;
				CLANG_CXX_LANGUAGE_STANDARD = "gnu++0x";
				CLANG_CXX_LIBRARY = "libc++";
				CLANG_ENABLE_MODULES = YES;
				CLANG_ENABLE_OBJC_ARC = YES;
				CLANG_WARN_BOOL_CONVERSION = YES;
				CLANG_WARN_CONSTANT_CONVERSION = YES;
				CLANG_WARN_DIRECT_OBJC_ISA_USAGE = YES_ERROR;
				CLANG_WARN_EMPTY_BODY = YES;
				CLANG_WARN_ENUM_CONVERSION = YES;
				CLANG_WARN_INT_CONVERSION = YES;
				CLANG_WARN_OBJC_ROOT_CLASS = YES_ERROR;
				CLANG_WARN_UNREACHABLE_CODE = YES;
				CLANG_WARN__DUPLICATE_METHOD_MATCH = YES;
				"CODE_SIGN_IDENTITY[sdk=iphoneos*]" = "iPhone Developer";
				COPY_PHASE_STRIP = NO;
				DEBUG_INFORMATION_FORMAT = dwarf;
				ENABLE_STRICT_OBJC_MSGSEND = YES;
				ENABLE_TESTABILITY = YES;
				GCC_C_LANGUAGE_STANDARD = gnu99;
				GCC_DYNAMIC_NO_PIC = NO;
				GCC_NO_COMMON_BLOCKS = YES;
				GCC_OPTIMIZATION_LEVEL = 0;
				GCC_PREPROCESSOR_DEFINITIONS = (
					"DEBUG=1",
					"$(inherited)",
				);
				GCC_WARN_64_TO_32_BIT_CONVERSION = YES;
				GCC_WARN_ABOUT_RETURN_TYPE = YES_ERROR;
				GCC_WARN_UNDECLARED_SELECTOR = YES;
				GCC_WARN_UNINITIALIZED_AUTOS = YES_AGGRESSIVE;
				GCC_WARN_UNUSED_FUNCTION = YES;
				GCC_WARN_UNUSED_VARIABLE = YES;
				IPHONEOS_DEPLOYMENT_TARGET = 9.2;
				MTL_ENABLE_DEBUG_INFO = YES;
				ONLY_ACTIVE_ARCH = YES;
				SDKROOT = iphoneos;
				TARGETED_DEVICE_FAMILY = "1,2";
			};
			name = Debug;
		};
		D9298F261C83E32C003F3ED9 /* Release */ = {
			isa = XCBuildConfiguration;
			buildSettings = {
				ALWAYS_SEARCH_USER_PATHS = NO;
				CLANG_CXX_LANGUAGE_STANDARD = "gnu++0x";
				CLANG_CXX_LIBRARY = "libc++";
				CLANG_ENABLE_MODULES = YES;
				CLANG_ENABLE_OBJC_ARC = YES;
				CLANG_WARN_BOOL_CONVERSION = YES;
				CLANG_WARN_CONSTANT_CONVERSION = YES;
				CLANG_WARN_DIRECT_OBJC_ISA_USAGE = YES_ERROR;
				CLANG_WARN_EMPTY_BODY = YES;
				CLANG_WARN_ENUM_CONVERSION = YES;
				CLANG_WARN_INT_CONVERSION = YES;
				CLANG_WARN_OBJC_ROOT_CLASS = YES_ERROR;
				CLANG_WARN_UNREACHABLE_CODE = YES;
				CLANG_WARN__DUPLICATE_METHOD_MATCH = YES;
				"CODE_SIGN_IDENTITY[sdk=iphoneos*]" = "iPhone Developer";
				COPY_PHASE_STRIP = NO;
				DEBUG_INFORMATION_FORMAT = "dwarf-with-dsym";
				ENABLE_NS_ASSERTIONS = NO;
				ENABLE_STRICT_OBJC_MSGSEND = YES;
				GCC_C_LANGUAGE_STANDARD = gnu99;
				GCC_NO_COMMON_BLOCKS = YES;
				GCC_WARN_64_TO_32_BIT_CONVERSION = YES;
				GCC_WARN_ABOUT_RETURN_TYPE = YES_ERROR;
				GCC_WARN_UNDECLARED_SELECTOR = YES;
				GCC_WARN_UNINITIALIZED_AUTOS = YES_AGGRESSIVE;
				GCC_WARN_UNUSED_FUNCTION = YES;
				GCC_WARN_UNUSED_VARIABLE = YES;
				IPHONEOS_DEPLOYMENT_TARGET = 9.2;
				MTL_ENABLE_DEBUG_INFO = NO;
				SDKROOT = iphoneos;
				TARGETED_DEVICE_FAMILY = "1,2";
				VALIDATE_PRODUCT = YES;
			};
			name = Release;
		};
		D9298F281C83E32C003F3ED9 /* Debug */ = {
			isa = XCBuildConfiguration;
			buildSettings = {
				ASSETCATALOG_COMPILER_APPICON_NAME = AppIcon;
				INFOPLIST_FILE = CPJPopView/Info.plist;
				LD_RUNPATH_SEARCH_PATHS = "$(inherited) @executable_path/Frameworks";
				PRODUCT_BUNDLE_IDENTIFIER = com.zhaishuai.CPJPopView;
				PRODUCT_NAME = "$(TARGET_NAME)";
			};
			name = Debug;
		};
		D9298F291C83E32C003F3ED9 /* Release */ = {
			isa = XCBuildConfiguration;
			buildSettings = {
				ASSETCATALOG_COMPILER_APPICON_NAME = AppIcon;
				INFOPLIST_FILE = CPJPopView/Info.plist;
				LD_RUNPATH_SEARCH_PATHS = "$(inherited) @executable_path/Frameworks";
				PRODUCT_BUNDLE_IDENTIFIER = com.zhaishuai.CPJPopView;
				PRODUCT_NAME = "$(TARGET_NAME)";
			};
			name = Release;
		};
		D9298F2B1C83E32C003F3ED9 /* Debug */ = {
			isa = XCBuildConfiguration;
			buildSettings = {
				BUNDLE_LOADER = "$(TEST_HOST)";
				INFOPLIST_FILE = CPJPopViewTests/Info.plist;
				LD_RUNPATH_SEARCH_PATHS = "$(inherited) @executable_path/Frameworks @loader_path/Frameworks";
				PRODUCT_BUNDLE_IDENTIFIER = com.zhaishuai.CPJPopViewTests;
				PRODUCT_NAME = "$(TARGET_NAME)";
				TEST_HOST = "$(BUILT_PRODUCTS_DIR)/CPJPopView.app/CPJPopView";
			};
			name = Debug;
		};
		D9298F2C1C83E32C003F3ED9 /* Release */ = {
			isa = XCBuildConfiguration;
			buildSettings = {
				BUNDLE_LOADER = "$(TEST_HOST)";
				INFOPLIST_FILE = CPJPopViewTests/Info.plist;
				LD_RUNPATH_SEARCH_PATHS = "$(inherited) @executable_path/Frameworks @loader_path/Frameworks";
				PRODUCT_BUNDLE_IDENTIFIER = com.zhaishuai.CPJPopViewTests;
				PRODUCT_NAME = "$(TARGET_NAME)";
				TEST_HOST = "$(BUILT_PRODUCTS_DIR)/CPJPopView.app/CPJPopView";
			};
			name = Release;
		};
		D9298F2E1C83E32C003F3ED9 /* Debug */ = {
			isa = XCBuildConfiguration;
			buildSettings = {
				INFOPLIST_FILE = CPJPopViewUITests/Info.plist;
				LD_RUNPATH_SEARCH_PATHS = "$(inherited) @executable_path/Frameworks @loader_path/Frameworks";
				PRODUCT_BUNDLE_IDENTIFIER = com.zhaishuai.CPJPopViewUITests;
				PRODUCT_NAME = "$(TARGET_NAME)";
				TEST_TARGET_NAME = CPJPopView;
				USES_XCTRUNNER = YES;
			};
			name = Debug;
		};
		D9298F2F1C83E32C003F3ED9 /* Release */ = {
			isa = XCBuildConfiguration;
			buildSettings = {
				INFOPLIST_FILE = CPJPopViewUITests/Info.plist;
				LD_RUNPATH_SEARCH_PATHS = "$(inherited) @executable_path/Frameworks @loader_path/Frameworks";
				PRODUCT_BUNDLE_IDENTIFIER = com.zhaishuai.CPJPopViewUITests;
				PRODUCT_NAME = "$(TARGET_NAME)";
				TEST_TARGET_NAME = CPJPopView;
				USES_XCTRUNNER = YES;
			};
			name = Release;
		};
/* End XCBuildConfiguration section */

/* Begin XCConfigurationList section */
		D9298EF51C83E32C003F3ED9 /* Build configuration list for PBXProject "CPJPopView" */ = {
			isa = XCConfigurationList;
			buildConfigurations = (
				D9298F251C83E32C003F3ED9 /* Debug */,
				D9298F261C83E32C003F3ED9 /* Release */,
			);
			defaultConfigurationIsVisible = 0;
			defaultConfigurationName = Release;
		};
		D9298F271C83E32C003F3ED9 /* Build configuration list for PBXNativeTarget "CPJPopView" */ = {
			isa = XCConfigurationList;
			buildConfigurations = (
				D9298F281C83E32C003F3ED9 /* Debug */,
				D9298F291C83E32C003F3ED9 /* Release */,
			);
			defaultConfigurationIsVisible = 0;
			defaultConfigurationName = Release;
		};
		D9298F2A1C83E32C003F3ED9 /* Build configuration list for PBXNativeTarget "CPJPopViewTests" */ = {
			isa = XCConfigurationList;
			buildConfigurations = (
				D9298F2B1C83E32C003F3ED9 /* Debug */,
				D9298F2C1C83E32C003F3ED9 /* Release */,
			);
			defaultConfigurationIsVisible = 0;
			defaultConfigurationName = Release;
		};
		D9298F2D1C83E32C003F3ED9 /* Build configuration list for PBXNativeTarget "CPJPopViewUITests" */ = {
			isa = XCConfigurationList;
			buildConfigurations = (
				D9298F2E1C83E32C003F3ED9 /* Debug */,
				D9298F2F1C83E32C003F3ED9 /* Release */,
			);
			defaultConfigurationIsVisible = 0;
			defaultConfigurationName = Release;
		};
/* End XCConfigurationList section */
	};
	rootObject = D9298EF21C83E32C003F3ED9 /* Project object */;
}
